
Microsoft Visual Studio Solution File, Format Version 12.00
# Visual Studio 15
VisualStudioVersion = 15.0.26124.0
MinimumVisualStudioVersion = 15.0.26124.0
Project("{F2A71F9B-5D33-465A-A702-920D77279786}") = "control", "control\control.fsproj", "{C080BBD0-2673-4584-8EAD-710D2C4FB76B}"
EndProject
Project("{F2A71F9B-5D33-465A-A702-920D77279786}") = "device", "device\device.fsproj", "{D158E641-73D3-46C9-A6A9-F464FFA5BC8F}"
EndProject
Project("{F2A71F9B-5D33-465A-A702-920D77279786}") = "common", "common\common.fsproj", "{C9454901-F32B-4C03-8810-52D12D2D5E49}"
EndProject
Project("{F2A71F9B-5D33-465A-A702-920D77279786}") = "workflow", "workflow\workflow.fsproj", "{A5AA8942-644F-4132-BDD7-875360E7B0CB}"
EndProject
Project("{F2A71F9B-5D33-465A-A702-920D77279786}") = "test", "test\test.fsproj", "{9F87D489-189F-4F85-8199-2148FF6ED0EC}"
EndProject
Global
	GlobalSection(SolutionConfigurationPlatforms) = preSolution
		Debug|Any CPU = Debug|Any CPU
		Debug|x64 = Debug|x64
		Debug|x86 = Debug|x86
		Release|Any CPU = Release|Any CPU
		Release|x64 = Release|x64
		Release|x86 = Release|x86
	EndGlobalSection
	GlobalSection(SolutionProperties) = preSolution
		HideSolutionNode = FALSE
	EndGlobalSection
	GlobalSection(ProjectConfigurationPlatforms) = postSolution
		{C080BBD0-2673-4584-8EAD-710D2C4FB76B}.Debug|Any CPU.ActiveCfg = Debug|Any CPU
		{C080BBD0-2673-4584-8EAD-710D2C4FB76B}.Debug|Any CPU.Build.0 = Debug|Any CPU
		{C080BBD0-2673-4584-8EAD-710D2C4FB76B}.Debug|x64.ActiveCfg = Debug|Any CPU
		{C080BBD0-2673-4584-8EAD-710D2C4FB76B}.Debug|x64.Build.0 = Debug|Any CPU
		{C080BBD0-2673-4584-8EAD-710D2C4FB76B}.Debug|x86.ActiveCfg = Debug|Any CPU
		{C080BBD0-2673-4584-8EAD-710D2C4FB76B}.Debug|x86.Build.0 = Debug|Any CPU
		{C080BBD0-2673-4584-8EAD-710D2C4FB76B}.Release|Any CPU.ActiveCfg = Release|Any CPU
		{C080BBD0-2673-4584-8EAD-710D2C4FB76B}.Release|Any CPU.Build.0 = Release|Any CPU
		{C080BBD0-2673-4584-8EAD-710D2C4FB76B}.Release|x64.ActiveCfg = Release|Any CPU
		{C080BBD0-2673-4584-8EAD-710D2C4FB76B}.Release|x64.Build.0 = Release|Any CPU
		{C080BBD0-2673-4584-8EAD-710D2C4FB76B}.Release|x86.ActiveCfg = Release|Any CPU
		{C080BBD0-2673-4584-8EAD-710D2C4FB76B}.Release|x86.Build.0 = Release|Any CPU
		{D158E641-73D3-46C9-A6A9-F464FFA5BC8F}.Debug|Any CPU.ActiveCfg = Debug|Any CPU
		{D158E641-73D3-46C9-A6A9-F464FFA5BC8F}.Debug|Any CPU.Build.0 = Debug|Any CPU
		{D158E641-73D3-46C9-A6A9-F464FFA5BC8F}.Debug|x64.ActiveCfg = Debug|Any CPU
		{D158E641-73D3-46C9-A6A9-F464FFA5BC8F}.Debug|x64.Build.0 = Debug|Any CPU
		{D158E641-73D3-46C9-A6A9-F464FFA5BC8F}.Debug|x86.ActiveCfg = Debug|Any CPU
		{D158E641-73D3-46C9-A6A9-F464FFA5BC8F}.Debug|x86.Build.0 = Debug|Any CPU
		{D158E641-73D3-46C9-A6A9-F464FFA5BC8F}.Release|Any CPU.ActiveCfg = Release|Any CPU
		{D158E641-73D3-46C9-A6A9-F464FFA5BC8F}.Release|Any CPU.Build.0 = Release|Any CPU
		{D158E641-73D3-46C9-A6A9-F464FFA5BC8F}.Release|x64.ActiveCfg = Release|Any CPU
		{D158E641-73D3-46C9-A6A9-F464FFA5BC8F}.Release|x64.Build.0 = Release|Any CPU
		{D158E641-73D3-46C9-A6A9-F464FFA5BC8F}.Release|x86.ActiveCfg = Release|Any CPU
		{D158E641-73D3-46C9-A6A9-F464FFA5BC8F}.Release|x86.Build.0 = Release|Any CPU
		{C9454901-F32B-4C03-8810-52D12D2D5E49}.Debug|Any CPU.ActiveCfg = Debug|Any CPU
		{C9454901-F32B-4C03-8810-52D12D2D5E49}.Debug|Any CPU.Build.0 = Debug|Any CPU
		{C9454901-F32B-4C03-8810-52D12D2D5E49}.Debug|x64.ActiveCfg = Debug|Any CPU
		{C9454901-F32B-4C03-8810-52D12D2D5E49}.Debug|x64.Build.0 = Debug|Any CPU
		{C9454901-F32B-4C03-8810-52D12D2D5E49}.Debug|x86.ActiveCfg = Debug|Any CPU
		{C9454901-F32B-4C03-8810-52D12D2D5E49}.Debug|x86.Build.0 = Debug|Any CPU
		{C9454901-F32B-4C03-8810-52D12D2D5E49}.Release|Any CPU.ActiveCfg = Release|Any CPU
		{C9454901-F32B-4C03-8810-52D12D2D5E49}.Release|Any CPU.Build.0 = Release|Any CPU
		{C9454901-F32B-4C03-8810-52D12D2D5E49}.Release|x64.ActiveCfg = Release|Any CPU
		{C9454901-F32B-4C03-8810-52D12D2D5E49}.Release|x64.Build.0 = Release|Any CPU
		{C9454901-F32B-4C03-8810-52D12D2D5E49}.Release|x86.ActiveCfg = Release|Any CPU
		{C9454901-F32B-4C03-8810-52D12D2D5E49}.Release|x86.Build.0 = Release|Any CPU
		{A5AA8942-644F-4132-BDD7-875360E7B0CB}.Debug|Any CPU.ActiveCfg = Debug|Any CPU
		{A5AA8942-644F-4132-BDD7-875360E7B0CB}.Debug|Any CPU.Build.0 = Debug|Any CPU
		{A5AA8942-644F-4132-BDD7-875360E7B0CB}.Debug|x64.ActiveCfg = Debug|Any CPU
		{A5AA8942-644F-4132-BDD7-875360E7B0CB}.Debug|x64.Build.0 = Debug|Any CPU
		{A5AA8942-644F-4132-BDD7-875360E7B0CB}.Debug|x86.ActiveCfg = Debug|Any CPU
		{A5AA8942-644F-4132-BDD7-875360E7B0CB}.Debug|x86.Build.0 = Debug|Any CPU
		{A5AA8942-644F-4132-BDD7-875360E7B0CB}.Release|Any CPU.ActiveCfg = Release|Any CPU
		{A5AA8942-644F-4132-BDD7-875360E7B0CB}.Release|Any CPU.Build.0 = Release|Any CPU
		{A5AA8942-644F-4132-BDD7-875360E7B0CB}.Release|x64.ActiveCfg = Release|Any CPU
		{A5AA8942-644F-4132-BDD7-875360E7B0CB}.Release|x64.Build.0 = Release|Any CPU
		{A5AA8942-644F-4132-BDD7-875360E7B0CB}.Release|x86.ActiveCfg = Release|Any CPU
		{A5AA8942-644F-4132-BDD7-875360E7B0CB}.Release|x86.Build.0 = Release|Any CPU
		{9F87D489-189F-4F85-8199-2148FF6ED0EC}.Debug|Any CPU.ActiveCfg = Debug|Any CPU
		{9F87D489-189F-4F85-8199-2148FF6ED0EC}.Debug|Any CPU.Build.0 = Debug|Any CPU
		{9F87D489-189F-4F85-8199-2148FF6ED0EC}.Debug|x64.ActiveCfg = Debug|Any CPU
		{9F87D489-189F-4F85-8199-2148FF6ED0EC}.Debug|x64.Build.0 = Debug|Any CPU
		{9F87D489-189F-4F85-8199-2148FF6ED0EC}.Debug|x86.ActiveCfg = Debug|Any CPU
		{9F87D489-189F-4F85-8199-2148FF6ED0EC}.Debug|x86.Build.0 = Debug|Any CPU
		{9F87D489-189F-4F85-8199-2148FF6ED0EC}.Release|Any CPU.ActiveCfg = Release|Any CPU
		{9F87D489-189F-4F85-8199-2148FF6ED0EC}.Release|Any CPU.Build.0 = Release|Any CPU
		{9F87D489-189F-4F85-8199-2148FF6ED0EC}.Release|x64.ActiveCfg = Release|Any CPU
		{9F87D489-189F-4F85-8199-2148FF6ED0EC}.Release|x64.Build.0 = Release|Any CPU
		{9F87D489-189F-4F85-8199-2148FF6ED0EC}.Release|x86.ActiveCfg = Release|Any CPU
		{9F87D489-189F-4F85-8199-2148FF6ED0EC}.Release|x86.Build.0 = Release|Any CPU
	EndGlobalSection
EndGlobal
